
Microsoft Visual Studio Solution File, Format Version 12.00
# Visual Studio Version 16
VisualStudioVersion = 16.0.30621.155
MinimumVisualStudioVersion = 10.0.40219.1
Project("{F184B08F-C81C-45F6-A57F-5ABD9991F28F}") = "UltraTaner", "UltraTaner.vbproj", "{7BCBE9B0-379C-4210-A8FA-AC4C005341AF}"
EndProject
Global
	GlobalSection(SolutionConfigurationPlatforms) = preSolution
		Debug|Any CPU = Debug|Any CPU
		Release|Any CPU = Release|Any CPU
	EndGlobalSection
	GlobalSection(ProjectConfigurationPlatforms) = postSolution
		{7BCBE9B0-379C-4210-A8FA-AC4C005341AF}.Debug|Any CPU.ActiveCfg = Debug|Any CPU
		{7BCBE9B0-379C-4210-A8FA-AC4C005341AF}.Debug|Any CPU.Build.0 = Debug|Any CPU
		{7BCBE9B0-379C-4210-A8FA-AC4C005341AF}.Release|Any CPU.ActiveCfg = Release|Any CPU
		{7BCBE9B0-379C-4210-A8FA-AC4C005341AF}.Release|Any CPU.Build.0 = Release|Any CPU
	EndGlobalSection
	GlobalSection(SolutionProperties) = preSolution
		HideSolutionNode = FALSE
	EndGlobalSection
	GlobalSection(ExtensibilityGlobals) = postSolution
		SolutionGuid = {02611AB8-CF97-44B8-ABD2-44C097CC8A45}
	EndGlobalSection
EndGlobal
